
Microsoft Visual Studio Solution File, Format Version 12.00
# Visual Studio Version 16
VisualStudioVersion = 16.0.30804.86
MinimumVisualStudioVersion = 10.0.40219.1
Project("{FAE04EC0-301F-11D3-BF4B-00C04F79EFBC}") = "PryUserParadaMB", "PryUserParadaMB\PryUserParadaMB.csproj", "{8EE40DC7-9C9E-4FCE-A49F-C52AC89EC466}"
EndProject
Project("{FAE04EC0-301F-11D3-BF4B-00C04F79EFBC}") = "PryUserParadaMB.Tests", "PryUserParadaMB.Tests\PryUserParadaMB.Tests.csproj", "{48547B2D-2004-41A1-ACB7-7AFEE10E09F3}"
EndProject
Global
	GlobalSection(SolutionConfigurationPlatforms) = preSolution
		Debug|Any CPU = Debug|Any CPU
		Release|Any CPU = Release|Any CPU
	EndGlobalSection
	GlobalSection(ProjectConfigurationPlatforms) = postSolution
		{8EE40DC7-9C9E-4FCE-A49F-C52AC89EC466}.Debug|Any CPU.ActiveCfg = Debug|Any CPU
		{8EE40DC7-9C9E-4FCE-A49F-C52AC89EC466}.Debug|Any CPU.Build.0 = Debug|Any CPU
		{8EE40DC7-9C9E-4FCE-A49F-C52AC89EC466}.Release|Any CPU.ActiveCfg = Release|Any CPU
		{8EE40DC7-9C9E-4FCE-A49F-C52AC89EC466}.Release|Any CPU.Build.0 = Release|Any CPU
		{48547B2D-2004-41A1-ACB7-7AFEE10E09F3}.Debug|Any CPU.ActiveCfg = Debug|Any CPU
		{48547B2D-2004-41A1-ACB7-7AFEE10E09F3}.Debug|Any CPU.Build.0 = Debug|Any CPU
		{48547B2D-2004-41A1-ACB7-7AFEE10E09F3}.Release|Any CPU.ActiveCfg = Release|Any CPU
		{48547B2D-2004-41A1-ACB7-7AFEE10E09F3}.Release|Any CPU.Build.0 = Release|Any CPU
	EndGlobalSection
	GlobalSection(SolutionProperties) = preSolution
		HideSolutionNode = FALSE
	EndGlobalSection
	GlobalSection(ExtensibilityGlobals) = postSolution
		SolutionGuid = {2D65E79F-6FE7-4DA0-A969-3B8235C7B569}
	EndGlobalSection
EndGlobal
